{
  "name": "heatmap-tracker-dev",
  "version": "1.0.1",
  "lockfileVersion": 3,
  "requires": true,
  "packages": {
    "": {
      "name": "heatmap-tracker-dev",
      "version": "1.0.1",
      "license": "MIT",
      "dependencies": {
        "heatmap-tracker-dev": "^1.0.1"
      }
    },
    "node_modules/heatmap-tracker-dev": {
      "version": "1.0.1",
      "resolved": "https://registry.npmjs.org/heatmap-tracker-dev/-/heatmap-tracker-dev-1.0.1.tgz",
      "integrity": "sha512-yuwkRpXNxvOSVARj2Gf+MqSeA08DBdDD8Xb0ccKwZvZe/ADzHvbZ0QDvtPpm4r06D3guLDT20jEHaka4Jui6BQ==",
      "license": "MIT",
      "dependencies": {
        "heatmap-tracker-dev": "^1.0.0"
      }
    }
  }
}
